<?xml version="1.0" encoding="utf-8"?>
<Project ToolsVersion="4.0" xmlns="http://schemas.microsoft.com/developer/msbuild/2003">
  <ItemGroup>
    <Filter Include="Source Files">
      <UniqueIdentifier>{4FC737F1-C7A5-4376-A066-2A32D752A2FF}</UniqueIdentifier>
      <Extensions>cpp;c;cc;cxx;c++;def;odl;idl;hpj;bat;asm;asmx</Extensions>
    </Filter>
    <Filter Include="Header Files">
      <UniqueIdentifier>{93995380-89BD-4b04-88EB-625FBE52EBFB}</UniqueIdentifier>
      <Extensions>h;hh;hpp;hxx;h++;hm;inl;inc;ipp;xsd</Extensions>
    </Filter>
    <Filter Include="Resource Files">
      <UniqueIdentifier>{67DA6AB6-F800-4c08-8B7A-83BB121AAD01}</UniqueIdentifier>
      <Extensions>rc;ico;cur;bmp;dlg;rc2;rct;bin;rgs;gif;jpg;jpeg;jpe;resx;tiff;tif;png;wav;mfcribbon-ms</Extensions>
    </Filter>
    <Filter Include="Shaders">
      <UniqueIdentifier>{dceffc08-5826-41b5-b6d5-7a2ae88489cc}</UniqueIdentifier>
    </Filter>
    <Filter Include="Header Files\core">
      <UniqueIdentifier>{94c33b2f-d707-41fb-ac40-21ec5ded2fc7}</UniqueIdentifier>
    </Filter>
    <Filter Include="Header Files\graphics">
      <UniqueIdentifier>{581e805c-2a3f-4935-aaef-4da270f68f07}</UniqueIdentifier>
    </Filter>
    <Filter Include="Header Files\entities">
      <UniqueIdentifier>{b81aba97-4ab7-44aa-b541-79b6dd5e1b3a}</UniqueIdentifier>
    </Filter>
    <Filter Include="Header Files\debug">
      <UniqueIdentifier>{2d7022c3-6f4e-43a5-a587-36f6a970ee4c}</UniqueIdentifier>
    </Filter>
    <Filter Include="3rdParty">
      <UniqueIdentifier>{7b761314-7f3f-4b6d-9142-e01509b848de}</UniqueIdentifier>
    </Filter>
    <Filter Include="3rdParty\ImGui">
      <UniqueIdentifier>{79e7e184-083a-4e96-9e7c-33ac95915e12}</UniqueIdentifier>
    </Filter>
    <Filter Include="3rdParty\StackWalker">
      <UniqueIdentifier>{f19f73cc-f43f-4ae4-856a-79c4ee910191}</UniqueIdentifier>
    </Filter>
    <Filter Include="3rdParty\DXErr">
      <UniqueIdentifier>{5fa8d5b5-14cc-405a-b315-59bec7a6deaf}</UniqueIdentifier>
    </Filter>
    <Filter Include="Header Files\bindables">
      <UniqueIdentifier>{b51fd820-a014-4a64-a725-cef4ef3dc558}</UniqueIdentifier>
    </Filter>
    <Filter Include="Source Files\core">
      <UniqueIdentifier>{cf7fe294-56c1-4760-87a7-747782d780f8}</UniqueIdentifier>
    </Filter>
    <Filter Include="Source Files\graphics">
      <UniqueIdentifier>{0524e071-ed94-4e1e-b150-37ea3bcc002e}</UniqueIdentifier>
    </Filter>
    <Filter Include="Source Files\entities">
      <UniqueIdentifier>{bdde6268-773b-4fac-9d51-08ec15ed47c0}</UniqueIdentifier>
    </Filter>
    <Filter Include="Source Files\debug">
      <UniqueIdentifier>{b093dde0-bc1a-4e8f-9ee2-ab6f501adef2}</UniqueIdentifier>
    </Filter>
    <Filter Include="Source Files\bindables">
      <UniqueIdentifier>{d77cb775-f7a5-4baa-aa6f-1a21ba406ab6}</UniqueIdentifier>
    </Filter>
    <Filter Include="Scripts">
      <UniqueIdentifier>{1b442df5-afdb-4319-bef2-b1f1d0edbaf3}</UniqueIdentifier>
    </Filter>
    <Filter Include="PCH">
      <UniqueIdentifier>{1ab3586c-c566-4641-9556-bb3e2e639a02}</UniqueIdentifier>
    </Filter>
    <Filter Include="Misc">
      <UniqueIdentifier>{940d5101-cb57-43f0-b701-dd687b5985f6}</UniqueIdentifier>
    </Filter>
  </ItemGroup>
  <ItemGroup>
    <ClCompile Include="PointLight.cpp">
      <Filter>Source Files\graphics</Filter>
    </ClCompile>
    <ClCompile Include="TransformConstantBuffer.cpp">
      <Filter>Source Files\bindables</Filter>
    </ClCompile>
    <ClCompile Include="Box.cpp">
      <Filter>Source Files\entities</Filter>
    </ClCompile>
    <ClCompile Include="Bindable.cpp">
      <Filter>Source Files\bindables</Filter>
    </ClCompile>
    <ClCompile Include="IndexBuffer.cpp">
      <Filter>Source Files\bindables</Filter>
    </ClCompile>
    <ClCompile Include="InputLayout.cpp">
      <Filter>Source Files\bindables</Filter>
    </ClCompile>
    <ClCompile Include="Topology.cpp">
      <Filter>Source Files\bindables</Filter>
    </ClCompile>
    <ClCompile Include="VertexBuffer.cpp">
      <Filter>Source Files\bindables</Filter>
    </ClCompile>
    <ClCompile Include="Camera.cpp">
      <Filter>Source Files\core</Filter>
    </ClCompile>
    <ClCompile Include="Display.cpp">
      <Filter>Source Files\core</Filter>
    </ClCompile>
    <ClCompile Include="Keyboard.cpp">
      <Filter>Source Files\core</Filter>
    </ClCompile>
    <ClCompile Include="MathHelper.cpp">
      <Filter>Source Files\core</Filter>
    </ClCompile>
    <ClCompile Include="Mouse.cpp">
      <Filter>Source Files\core</Filter>
    </ClCompile>
    <ClCompile Include="Timer.cpp">
      <Filter>Source Files\core</Filter>
    </ClCompile>
    <ClCompile Include="Util.cpp">
      <Filter>Source Files\core</Filter>
    </ClCompile>
    <ClCompile Include="Shader.cpp">
      <Filter>Source Files\bindables</Filter>
    </ClCompile>
    <ClCompile Include="Callstack.cpp">
      <Filter>Source Files\debug</Filter>
    </ClCompile>
    <ClCompile Include="DebugInfo.cpp">
      <Filter>Source Files\debug</Filter>
    </ClCompile>
    <ClCompile Include="DebugMessageMap.cpp">
      <Filter>Source Files\debug</Filter>
    </ClCompile>
    <ClCompile Include="DisplayException.cpp">
      <Filter>Source Files\debug</Filter>
    </ClCompile>
    <ClCompile Include="GraphicsException.cpp">
      <Filter>Source Files\debug</Filter>
    </ClCompile>
    <ClCompile Include="InfoException.cpp">
      <Filter>Source Files\debug</Filter>
    </ClCompile>
    <ClCompile Include="Log.cpp">
      <Filter>Source Files\debug</Filter>
    </ClCompile>
    <ClCompile Include="MageException.cpp">
      <Filter>Source Files\debug</Filter>
    </ClCompile>
    <ClCompile Include="TextureException.cpp">
      <Filter>Source Files\debug</Filter>
    </ClCompile>
    <ClCompile Include="Melon.cpp">
      <Filter>Source Files\entities</Filter>
    </ClCompile>
    <ClCompile Include="Pyramid.cpp">
      <Filter>Source Files\entities</Filter>
    </ClCompile>
    <ClCompile Include="Graphics.cpp">
      <Filter>Source Files\graphics</Filter>
    </ClCompile>
    <ClCompile Include="ImguiManager.cpp">
      <Filter>Source Files\graphics</Filter>
    </ClCompile>
    <ClCompile Include="IRenderable.cpp">
      <Filter>Source Files\graphics</Filter>
    </ClCompile>
    <ClCompile Include="Sampler.cpp">
      <Filter>Source Files\graphics</Filter>
    </ClCompile>
    <ClCompile Include="Texture.cpp">
      <Filter>Source Files\graphics</Filter>
    </ClCompile>
    <ClCompile Include="TextureSurface.cpp">
      <Filter>Source Files\graphics</Filter>
    </ClCompile>
    <ClCompile Include="SolidSphere.cpp">
      <Filter>Source Files\entities</Filter>
    </ClCompile>
    <ClCompile Include="Cylinder.cpp">
      <Filter>Source Files\entities</Filter>
    </ClCompile>
    <ClCompile Include="winmain.cpp">
      <Filter>Source Files</Filter>
    </ClCompile>
    <ClCompile Include="3rdParty\imgui\imgui.cpp">
      <Filter>3rdParty\ImGui</Filter>
    </ClCompile>
    <ClCompile Include="3rdParty\imgui\imgui_demo.cpp">
      <Filter>3rdParty\ImGui</Filter>
    </ClCompile>
    <ClCompile Include="3rdParty\imgui\imgui_draw.cpp">
      <Filter>3rdParty\ImGui</Filter>
    </ClCompile>
    <ClCompile Include="3rdParty\imgui\imgui_impl_dx11.cpp">
      <Filter>3rdParty\ImGui</Filter>
    </ClCompile>
    <ClCompile Include="3rdParty\imgui\imgui_impl_win32.cpp">
      <Filter>3rdParty\ImGui</Filter>
    </ClCompile>
    <ClCompile Include="3rdParty\imgui\imgui_widgets.cpp">
      <Filter>3rdParty\ImGui</Filter>
    </ClCompile>
    <ClCompile Include="3rdParty\dxerr.cpp">
      <Filter>3rdParty\DXErr</Filter>
    </ClCompile>
    <ClCompile Include="3rdParty\StackWalker\StackWalker.cpp">
      <Filter>3rdParty\StackWalker</Filter>
    </ClCompile>
    <ClCompile Include="pch.cpp">
      <Filter>PCH</Filter>
    </ClCompile>
    <ClCompile Include="App.cpp">
      <Filter>Source Files</Filter>
    </ClCompile>
    <ClCompile Include="DummyModel.cpp">
      <Filter>Source Files\entities</Filter>
    </ClCompile>
  </ItemGroup>
  <ItemGroup>
    <ClInclude Include="PointLight.h">
      <Filter>Header Files\graphics</Filter>
    </ClInclude>
    <ClInclude Include="TransformConstantBuffer.h">
      <Filter>Header Files\bindables</Filter>
    </ClInclude>
    <ClInclude Include="ConstantBuffer.h">
      <Filter>Header Files\bindables</Filter>
    </ClInclude>
    <ClInclude Include="DummyObject.h">
      <Filter>Header Files\entities</Filter>
    </ClInclude>
    <ClInclude Include="Box.h">
      <Filter>Header Files\entities</Filter>
    </ClInclude>
    <ClInclude Include="Bindable.h">
      <Filter>Header Files\bindables</Filter>
    </ClInclude>
    <ClInclude Include="Bindables.h">
      <Filter>Header Files\bindables</Filter>
    </ClInclude>
    <ClInclude Include="IndexBuffer.h">
      <Filter>Header Files\bindables</Filter>
    </ClInclude>
    <ClInclude Include="InputLayout.h">
      <Filter>Header Files\bindables</Filter>
    </ClInclude>
    <ClInclude Include="Topology.h">
      <Filter>Header Files\bindables</Filter>
    </ClInclude>
    <ClInclude Include="VertexBuffer.h">
      <Filter>Header Files\bindables</Filter>
    </ClInclude>
    <ClInclude Include="Camera.h">
      <Filter>Header Files\core</Filter>
    </ClInclude>
    <ClInclude Include="Display.h">
      <Filter>Header Files\core</Filter>
    </ClInclude>
    <ClInclude Include="Keyboard.h">
      <Filter>Header Files\core</Filter>
    </ClInclude>
    <ClInclude Include="MathHelper.h">
      <Filter>Header Files\core</Filter>
    </ClInclude>
    <ClInclude Include="Mouse.h">
      <Filter>Header Files\core</Filter>
    </ClInclude>
    <ClInclude Include="Timer.h">
      <Filter>Header Files\core</Filter>
    </ClInclude>
    <ClInclude Include="Util.h">
      <Filter>Header Files\core</Filter>
    </ClInclude>
    <ClInclude Include="Shader.h">
      <Filter>Header Files\bindables</Filter>
    </ClInclude>
    <ClInclude Include="Callstack.h">
      <Filter>Header Files\debug</Filter>
    </ClInclude>
    <ClInclude Include="DebugInfo.h">
      <Filter>Header Files\debug</Filter>
    </ClInclude>
    <ClInclude Include="DebugMessageMap.h">
      <Filter>Header Files\debug</Filter>
    </ClInclude>
    <ClInclude Include="DisplayException.h">
      <Filter>Header Files\debug</Filter>
    </ClInclude>
    <ClInclude Include="GraphicsException.h">
      <Filter>Header Files\debug</Filter>
    </ClInclude>
    <ClInclude Include="InfoException.h">
      <Filter>Header Files\debug</Filter>
    </ClInclude>
    <ClInclude Include="Log.h">
      <Filter>Header Files\debug</Filter>
    </ClInclude>
    <ClInclude Include="MageException.h">
      <Filter>Header Files\debug</Filter>
    </ClInclude>
    <ClInclude Include="StacktraceException.h">
      <Filter>Header Files\debug</Filter>
    </ClInclude>
    <ClInclude Include="TextureException.h">
      <Filter>Header Files\debug</Filter>
    </ClInclude>
    <ClInclude Include="Melon.h">
      <Filter>Header Files\entities</Filter>
    </ClInclude>
    <ClInclude Include="Primitives.h">
      <Filter>Header Files\entities</Filter>
    </ClInclude>
    <ClInclude Include="Pyramid.h">
      <Filter>Header Files\entities</Filter>
    </ClInclude>
    <ClInclude Include="Color.h">
      <Filter>Header Files\graphics</Filter>
    </ClInclude>
    <ClInclude Include="Graphics.h">
      <Filter>Header Files\graphics</Filter>
    </ClInclude>
    <ClInclude Include="ImguiManager.h">
      <Filter>Header Files\graphics</Filter>
    </ClInclude>
    <ClInclude Include="IRenderable.h">
      <Filter>Header Files\graphics</Filter>
    </ClInclude>
    <ClInclude Include="Renderable.h">
      <Filter>Header Files\graphics</Filter>
    </ClInclude>
    <ClInclude Include="Sampler.h">
      <Filter>Header Files\graphics</Filter>
    </ClInclude>
    <ClInclude Include="Texture.h">
      <Filter>Header Files\graphics</Filter>
    </ClInclude>
    <ClInclude Include="TextureSurface.h">
      <Filter>Header Files\graphics</Filter>
    </ClInclude>
    <ClInclude Include="Common.h">
      <Filter>Header Files\core</Filter>
    </ClInclude>
    <ClInclude Include="SolidSphere.h">
      <Filter>Header Files\entities</Filter>
    </ClInclude>
    <ClInclude Include="Cylinder.h">
      <Filter>Header Files\entities</Filter>
    </ClInclude>
    <ClInclude Include="3rdParty\imgui\imconfig.h">
      <Filter>3rdParty\ImGui</Filter>
    </ClInclude>
    <ClInclude Include="3rdParty\imgui\imgui.h">
      <Filter>3rdParty\ImGui</Filter>
    </ClInclude>
    <ClInclude Include="3rdParty\imgui\imgui_impl_dx11.h">
      <Filter>3rdParty\ImGui</Filter>
    </ClInclude>
    <ClInclude Include="3rdParty\imgui\imgui_impl_win32.h">
      <Filter>3rdParty\ImGui</Filter>
    </ClInclude>
    <ClInclude Include="3rdParty\imgui\imgui_internal.h">
      <Filter>3rdParty\ImGui</Filter>
    </ClInclude>
    <ClInclude Include="3rdParty\imgui\imstb_rectpack.h">
      <Filter>3rdParty\ImGui</Filter>
    </ClInclude>
    <ClInclude Include="3rdParty\imgui\imstb_textedit.h">
      <Filter>3rdParty\ImGui</Filter>
    </ClInclude>
    <ClInclude Include="3rdParty\imgui\imstb_truetype.h">
      <Filter>3rdParty\ImGui</Filter>
    </ClInclude>
    <ClInclude Include="3rdParty\dxerr.h">
      <Filter>3rdParty\DXErr</Filter>
    </ClInclude>
    <ClInclude Include="3rdParty\StackWalker\StackWalker.h">
      <Filter>3rdParty\StackWalker</Filter>
    </ClInclude>
    <ClInclude Include="resource.h">
      <Filter>Resource Files</Filter>
    </ClInclude>
    <ClInclude Include="pch.h">
      <Filter>PCH</Filter>
    </ClInclude>
    <ClInclude Include="winwrapper.h">
      <Filter>Header Files</Filter>
    </ClInclude>
    <ClInclude Include="App.h">
      <Filter>Header Files</Filter>
    </ClInclude>
    <ClInclude Include="DummyModel.h">
      <Filter>Header Files\entities</Filter>
    </ClInclude>
    <ClInclude Include="Vertex.h">
      <Filter>Header Files\graphics</Filter>
    </ClInclude>
  </ItemGroup>
  <ItemGroup>
    <None Include="3rdParty\DXGetErrorDescription.inl">
      <Filter>3rdParty\DXErr</Filter>
    </None>
    <None Include="3rdParty\DXGetErrorString.inl">
      <Filter>3rdParty\DXErr</Filter>
    </None>
    <None Include="3rdParty\DXTrace.inl">
      <Filter>3rdParty\DXErr</Filter>
    </None>
    <None Include="scripts\prepare.bat">
      <Filter>Scripts</Filter>
    </None>
    <None Include="uncrustify.cfg">
      <Filter>Misc</Filter>
    </None>
    <None Include="..\.gitignore">
      <Filter>Misc</Filter>
    </None>
    <None Include="..\README.md">
      <Filter>Misc</Filter>
    </None>
    <None Include="Mage3DX.sln.licenseheader" />
  </ItemGroup>
  <ItemGroup>
    <FxCompile Include="assets\shaders\basicColorBlendPS.hlsl">
      <Filter>Shaders</Filter>
    </FxCompile>
    <FxCompile Include="assets\shaders\basicColorBlendVS.hlsl">
      <Filter>Shaders</Filter>
    </FxCompile>
    <FxCompile Include="assets\shaders\basicPS.hlsl">
      <Filter>Shaders</Filter>
    </FxCompile>
    <FxCompile Include="assets\shaders\basicVS.hlsl">
      <Filter>Shaders</Filter>
    </FxCompile>
    <FxCompile Include="assets\shaders\blendedPhongPS.hlsl">
      <Filter>Shaders</Filter>
    </FxCompile>
    <FxCompile Include="assets\shaders\blendedPhongVS.hlsl">
      <Filter>Shaders</Filter>
    </FxCompile>
    <FxCompile Include="assets\shaders\indexedPhongPS.hlsl">
      <Filter>Shaders</Filter>
    </FxCompile>
    <FxCompile Include="assets\shaders\phongPS.hlsl">
      <Filter>Shaders</Filter>
    </FxCompile>
    <FxCompile Include="assets\shaders\phongVS.hlsl">
      <Filter>Shaders</Filter>
    </FxCompile>
    <FxCompile Include="assets\shaders\solidPS.hlsl">
      <Filter>Shaders</Filter>
    </FxCompile>
    <FxCompile Include="assets\shaders\solidVS.hlsl">
      <Filter>Shaders</Filter>
    </FxCompile>
    <FxCompile Include="assets\shaders\texturePhongPS.hlsl">
      <Filter>Shaders</Filter>
    </FxCompile>
    <FxCompile Include="assets\shaders\texturePhongVS.hlsl">
      <Filter>Shaders</Filter>
    </FxCompile>
  </ItemGroup>
  <ItemGroup>
    <Image Include="mage3dx.ico">
      <Filter>Resource Files</Filter>
    </Image>
  </ItemGroup>
  <ItemGroup>
    <ResourceCompile Include="Mage3DX.rc">
      <Filter>Resource Files</Filter>
    </ResourceCompile>
  </ItemGroup>
</Project>